// !$*UTF8*$!
{
	archiveVersion = 1;
	classes = {
	};
	objectVersion = 55;
	objects = {

/* Begin PBXBuildFile section */
		0C0DC77327C4D79400200640 /* IngredientViewModel.swift in Sources */ = {isa = PBXBuildFile; fileRef = 0C0DC77227C4D79400200640 /* IngredientViewModel.swift */; };
		0C0DC77827C4DF1900200640 /* IntentIngredient.swift in Sources */ = {isa = PBXBuildFile; fileRef = 0C0DC77727C4DF1900200640 /* IntentIngredient.swift */; };
		0C0DC77A27C4E12A00200640 /* ListIngredientViewModel.swift in Sources */ = {isa = PBXBuildFile; fileRef = 0C0DC77927C4E12A00200640 /* ListIngredientViewModel.swift */; };
		0C0DC77C27C4E16600200640 /* IngredientList.swift in Sources */ = {isa = PBXBuildFile; fileRef = 0C0DC77B27C4E16600200640 /* IngredientList.swift */; };
		0C66593627C5068F00E2B275 /* FirebaseAuth in Frameworks */ = {isa = PBXBuildFile; productRef = 0C66593527C5068F00E2B275 /* FirebaseAuth */; };
		0C66593827C5068F00E2B275 /* FirebaseFirestore in Frameworks */ = {isa = PBXBuildFile; productRef = 0C66593727C5068F00E2B275 /* FirebaseFirestore */; };
		0C66593A27C5068F00E2B275 /* FirebaseFirestoreSwift-Beta in Frameworks */ = {isa = PBXBuildFile; productRef = 0C66593927C5068F00E2B275 /* FirebaseFirestoreSwift-Beta */; };
		0C66593E27C509E700E2B275 /* GoogleService-Info.plist in Resources */ = {isa = PBXBuildFile; fileRef = 0C66593D27C509E700E2B275 /* GoogleService-Info.plist */; };
		0C77883227C7F7A5009A097F /* SheetViewAjoutIngredient.swift in Sources */ = {isa = PBXBuildFile; fileRef = 0C77883127C7F7A5009A097F /* SheetViewAjoutIngredient.swift */; };
		0CF37C6B27C38E9A006FA69C /* CategorieIngredient.swift in Sources */ = {isa = PBXBuildFile; fileRef = 0CF37C6A27C38E9A006FA69C /* CategorieIngredient.swift */; };
		0CF37C6D27C38F2A006FA69C /* Ingredient.swift in Sources */ = {isa = PBXBuildFile; fileRef = 0CF37C6C27C38F2A006FA69C /* Ingredient.swift */; };
		0CF37C6F27C38F70006FA69C /* Unite.swift in Sources */ = {isa = PBXBuildFile; fileRef = 0CF37C6E27C38F70006FA69C /* Unite.swift */; };
		0CF37C7127C3906E006FA69C /* Etape.swift in Sources */ = {isa = PBXBuildFile; fileRef = 0CF37C7027C3906E006FA69C /* Etape.swift */; };
		0CF37C7327C3910E006FA69C /* FicheTechnique.swift in Sources */ = {isa = PBXBuildFile; fileRef = 0CF37C7227C3910E006FA69C /* FicheTechnique.swift */; };
		0CF37C7627C39241006FA69C /* ListIngredientView.swift in Sources */ = {isa = PBXBuildFile; fileRef = 0CF37C7527C39241006FA69C /* ListIngredientView.swift */; };
		0CF37C7827C396AE006FA69C /* IngredientView.swift in Sources */ = {isa = PBXBuildFile; fileRef = 0CF37C7727C396AE006FA69C /* IngredientView.swift */; };
		D00772FC27C4D30900490ACC /* ConnexionView.swift in Sources */ = {isa = PBXBuildFile; fileRef = D00772FB27C4D30900490ACC /* ConnexionView.swift */; };
		D0C2C34C27BACBD10093EDDB /* Chef_MobileApp.swift in Sources */ = {isa = PBXBuildFile; fileRef = D0C2C34B27BACBD10093EDDB /* Chef_MobileApp.swift */; };
		D0C2C34E27BACBD10093EDDB /* ContentView.swift in Sources */ = {isa = PBXBuildFile; fileRef = D0C2C34D27BACBD10093EDDB /* ContentView.swift */; };
		D0C2C35027BACBD20093EDDB /* Assets.xcassets in Resources */ = {isa = PBXBuildFile; fileRef = D0C2C34F27BACBD20093EDDB /* Assets.xcassets */; };
		D0C2C35327BACBD20093EDDB /* Preview Assets.xcassets in Resources */ = {isa = PBXBuildFile; fileRef = D0C2C35227BACBD20093EDDB /* Preview Assets.xcassets */; };
		D0C2C35D27BACBD30093EDDB /* Chef_MobileTests.swift in Sources */ = {isa = PBXBuildFile; fileRef = D0C2C35C27BACBD30093EDDB /* Chef_MobileTests.swift */; };
		D0C2C36727BACBD30093EDDB /* Chef_MobileUITests.swift in Sources */ = {isa = PBXBuildFile; fileRef = D0C2C36627BACBD30093EDDB /* Chef_MobileUITests.swift */; };
		D0C2C36927BACBD30093EDDB /* Chef_MobileUITestsLaunchTests.swift in Sources */ = {isa = PBXBuildFile; fileRef = D0C2C36827BACBD30093EDDB /* Chef_MobileUITestsLaunchTests.swift */; };
/* End PBXBuildFile section */

/* Begin PBXContainerItemProxy section */
		D0C2C35927BACBD30093EDDB /* PBXContainerItemProxy */ = {
			isa = PBXContainerItemProxy;
			containerPortal = D0C2C34027BACBD10093EDDB /* Project object */;
			proxyType = 1;
			remoteGlobalIDString = D0C2C34727BACBD10093EDDB;
			remoteInfo = "Chef-Mobile";
		};
		D0C2C36327BACBD30093EDDB /* PBXContainerItemProxy */ = {
			isa = PBXContainerItemProxy;
			containerPortal = D0C2C34027BACBD10093EDDB /* Project object */;
			proxyType = 1;
			remoteGlobalIDString = D0C2C34727BACBD10093EDDB;
			remoteInfo = "Chef-Mobile";
		};
/* End PBXContainerItemProxy section */

/* Begin PBXFileReference section */
		0C0DC77227C4D79400200640 /* IngredientViewModel.swift */ = {isa = PBXFileReference; lastKnownFileType = sourcecode.swift; path = IngredientViewModel.swift; sourceTree = "<group>"; };
		0C0DC77727C4DF1900200640 /* IntentIngredient.swift */ = {isa = PBXFileReference; lastKnownFileType = sourcecode.swift; path = IntentIngredient.swift; sourceTree = "<group>"; };
		0C0DC77927C4E12A00200640 /* ListIngredientViewModel.swift */ = {isa = PBXFileReference; lastKnownFileType = sourcecode.swift; path = ListIngredientViewModel.swift; sourceTree = "<group>"; };
		0C0DC77B27C4E16600200640 /* IngredientList.swift */ = {isa = PBXFileReference; lastKnownFileType = sourcecode.swift; path = IngredientList.swift; sourceTree = "<group>"; };
		0C66593D27C509E700E2B275 /* GoogleService-Info.plist */ = {isa = PBXFileReference; fileEncoding = 4; lastKnownFileType = text.plist.xml; path = "GoogleService-Info.plist"; sourceTree = "<group>"; };
		0C77883127C7F7A5009A097F /* SheetViewAjoutIngredient.swift */ = {isa = PBXFileReference; lastKnownFileType = sourcecode.swift; path = SheetViewAjoutIngredient.swift; sourceTree = "<group>"; };
		0CF37C6A27C38E9A006FA69C /* CategorieIngredient.swift */ = {isa = PBXFileReference; lastKnownFileType = sourcecode.swift; path = CategorieIngredient.swift; sourceTree = "<group>"; };
		0CF37C6C27C38F2A006FA69C /* Ingredient.swift */ = {isa = PBXFileReference; lastKnownFileType = sourcecode.swift; path = Ingredient.swift; sourceTree = "<group>"; };
		0CF37C6E27C38F70006FA69C /* Unite.swift */ = {isa = PBXFileReference; lastKnownFileType = sourcecode.swift; path = Unite.swift; sourceTree = "<group>"; };
		0CF37C7027C3906E006FA69C /* Etape.swift */ = {isa = PBXFileReference; lastKnownFileType = sourcecode.swift; path = Etape.swift; sourceTree = "<group>"; };
		0CF37C7227C3910E006FA69C /* FicheTechnique.swift */ = {isa = PBXFileReference; lastKnownFileType = sourcecode.swift; path = FicheTechnique.swift; sourceTree = "<group>"; };
		0CF37C7527C39241006FA69C /* ListIngredientView.swift */ = {isa = PBXFileReference; lastKnownFileType = sourcecode.swift; path = ListIngredientView.swift; sourceTree = "<group>"; };
		0CF37C7727C396AE006FA69C /* IngredientView.swift */ = {isa = PBXFileReference; lastKnownFileType = sourcecode.swift; path = IngredientView.swift; sourceTree = "<group>"; };
		D00772FB27C4D30900490ACC /* ConnexionView.swift */ = {isa = PBXFileReference; lastKnownFileType = sourcecode.swift; path = ConnexionView.swift; sourceTree = "<group>"; };
		D0C2C34827BACBD10093EDDB /* Chef-Mobile.app */ = {isa = PBXFileReference; explicitFileType = wrapper.application; includeInIndex = 0; path = "Chef-Mobile.app"; sourceTree = BUILT_PRODUCTS_DIR; };
		D0C2C34B27BACBD10093EDDB /* Chef_MobileApp.swift */ = {isa = PBXFileReference; lastKnownFileType = sourcecode.swift; path = Chef_MobileApp.swift; sourceTree = "<group>"; };
		D0C2C34D27BACBD10093EDDB /* ContentView.swift */ = {isa = PBXFileReference; lastKnownFileType = sourcecode.swift; path = ContentView.swift; sourceTree = "<group>"; };
		D0C2C34F27BACBD20093EDDB /* Assets.xcassets */ = {isa = PBXFileReference; lastKnownFileType = folder.assetcatalog; path = Assets.xcassets; sourceTree = "<group>"; };
		D0C2C35227BACBD20093EDDB /* Preview Assets.xcassets */ = {isa = PBXFileReference; lastKnownFileType = folder.assetcatalog; path = "Preview Assets.xcassets"; sourceTree = "<group>"; };
		D0C2C35827BACBD30093EDDB /* Chef-MobileTests.xctest */ = {isa = PBXFileReference; explicitFileType = wrapper.cfbundle; includeInIndex = 0; path = "Chef-MobileTests.xctest"; sourceTree = BUILT_PRODUCTS_DIR; };
		D0C2C35C27BACBD30093EDDB /* Chef_MobileTests.swift */ = {isa = PBXFileReference; lastKnownFileType = sourcecode.swift; path = Chef_MobileTests.swift; sourceTree = "<group>"; };
		D0C2C36227BACBD30093EDDB /* Chef-MobileUITests.xctest */ = {isa = PBXFileReference; explicitFileType = wrapper.cfbundle; includeInIndex = 0; path = "Chef-MobileUITests.xctest"; sourceTree = BUILT_PRODUCTS_DIR; };
		D0C2C36627BACBD30093EDDB /* Chef_MobileUITests.swift */ = {isa = PBXFileReference; lastKnownFileType = sourcecode.swift; path = Chef_MobileUITests.swift; sourceTree = "<group>"; };
		D0C2C36827BACBD30093EDDB /* Chef_MobileUITestsLaunchTests.swift */ = {isa = PBXFileReference; lastKnownFileType = sourcecode.swift; path = Chef_MobileUITestsLaunchTests.swift; sourceTree = "<group>"; };
/* End PBXFileReference section */

/* Begin PBXFrameworksBuildPhase section */
		D0C2C34527BACBD10093EDDB /* Frameworks */ = {
			isa = PBXFrameworksBuildPhase;
			buildActionMask = 2147483647;
			files = (
				0C66593A27C5068F00E2B275 /* FirebaseFirestoreSwift-Beta in Frameworks */,
				0C66593627C5068F00E2B275 /* FirebaseAuth in Frameworks */,
				0C66593827C5068F00E2B275 /* FirebaseFirestore in Frameworks */,
			);
			runOnlyForDeploymentPostprocessing = 0;
		};
		D0C2C35527BACBD30093EDDB /* Frameworks */ = {
			isa = PBXFrameworksBuildPhase;
			buildActionMask = 2147483647;
			files = (
			);
			runOnlyForDeploymentPostprocessing = 0;
		};
		D0C2C35F27BACBD30093EDDB /* Frameworks */ = {
			isa = PBXFrameworksBuildPhase;
			buildActionMask = 2147483647;
			files = (
			);
			runOnlyForDeploymentPostprocessing = 0;
		};
/* End PBXFrameworksBuildPhase section */

/* Begin PBXGroup section */
		0C0DC77127C4D6E900200640 /* ViewModel */ = {
			isa = PBXGroup;
			children = (
				0C0DC77227C4D79400200640 /* IngredientViewModel.swift */,
				0C0DC77927C4E12A00200640 /* ListIngredientViewModel.swift */,
			);
			path = ViewModel;
			sourceTree = "<group>";
		};
		0C0DC77427C4DEC700200640 /* Intents */ = {
			isa = PBXGroup;
			children = (
				0C0DC77727C4DF1900200640 /* IntentIngredient.swift */,
			);
			path = Intents;
			sourceTree = "<group>";
		};
		0CF37C6727C38E43006FA69C /* Model */ = {
			isa = PBXGroup;
			children = (
				0CF37C6A27C38E9A006FA69C /* CategorieIngredient.swift */,
				0CF37C6C27C38F2A006FA69C /* Ingredient.swift */,
				0CF37C6E27C38F70006FA69C /* Unite.swift */,
				0CF37C7027C3906E006FA69C /* Etape.swift */,
				0CF37C7227C3910E006FA69C /* FicheTechnique.swift */,
				0C0DC77B27C4E16600200640 /* IngredientList.swift */,
			);
			path = Model;
			sourceTree = "<group>";
		};
		0CF37C7427C39203006FA69C /* View */ = {
			isa = PBXGroup;
			children = (
				0CF37C7527C39241006FA69C /* ListIngredientView.swift */,
				0CF37C7727C396AE006FA69C /* IngredientView.swift */,
				D00772FB27C4D30900490ACC /* ConnexionView.swift */,
				0C77883127C7F7A5009A097F /* SheetViewAjoutIngredient.swift */,
			);
			path = View;
			sourceTree = "<group>";
		};
		D0C2C33F27BACBD10093EDDB = {
			isa = PBXGroup;
			children = (
				D0C2C34A27BACBD10093EDDB /* Chef-Mobile */,
				D0C2C35B27BACBD30093EDDB /* Chef-MobileTests */,
				D0C2C36527BACBD30093EDDB /* Chef-MobileUITests */,
				D0C2C34927BACBD10093EDDB /* Products */,
			);
			sourceTree = "<group>";
		};
		D0C2C34927BACBD10093EDDB /* Products */ = {
			isa = PBXGroup;
			children = (
				D0C2C34827BACBD10093EDDB /* Chef-Mobile.app */,
				D0C2C35827BACBD30093EDDB /* Chef-MobileTests.xctest */,
				D0C2C36227BACBD30093EDDB /* Chef-MobileUITests.xctest */,
			);
			name = Products;
			sourceTree = "<group>";
		};
		D0C2C34A27BACBD10093EDDB /* Chef-Mobile */ = {
			isa = PBXGroup;
			children = (
				0C66593D27C509E700E2B275 /* GoogleService-Info.plist */,
				0C0DC77427C4DEC700200640 /* Intents */,
				0C0DC77127C4D6E900200640 /* ViewModel */,
				0CF37C7427C39203006FA69C /* View */,
				0CF37C6727C38E43006FA69C /* Model */,
				D0C2C34B27BACBD10093EDDB /* Chef_MobileApp.swift */,
				D0C2C34D27BACBD10093EDDB /* ContentView.swift */,
				D0C2C34F27BACBD20093EDDB /* Assets.xcassets */,
				D0C2C35127BACBD20093EDDB /* Preview Content */,
			);
			path = "Chef-Mobile";
			sourceTree = "<group>";
		};
		D0C2C35127BACBD20093EDDB /* Preview Content */ = {
			isa = PBXGroup;
			children = (
				D0C2C35227BACBD20093EDDB /* Preview Assets.xcassets */,
			);
			path = "Preview Content";
			sourceTree = "<group>";
		};
		D0C2C35B27BACBD30093EDDB /* Chef-MobileTests */ = {
			isa = PBXGroup;
			children = (
				D0C2C35C27BACBD30093EDDB /* Chef_MobileTests.swift */,
			);
			path = "Chef-MobileTests";
			sourceTree = "<group>";
		};
		D0C2C36527BACBD30093EDDB /* Chef-MobileUITests */ = {
			isa = PBXGroup;
			children = (
				D0C2C36627BACBD30093EDDB /* Chef_MobileUITests.swift */,
				D0C2C36827BACBD30093EDDB /* Chef_MobileUITestsLaunchTests.swift */,
			);
			path = "Chef-MobileUITests";
			sourceTree = "<group>";
		};
/* End PBXGroup section */

/* Begin PBXNativeTarget section */
		D0C2C34727BACBD10093EDDB /* Chef-Mobile */ = {
			isa = PBXNativeTarget;
			buildConfigurationList = D0C2C36C27BACBD30093EDDB /* Build configuration list for PBXNativeTarget "Chef-Mobile" */;
			buildPhases = (
				D0C2C34427BACBD10093EDDB /* Sources */,
				D0C2C34527BACBD10093EDDB /* Frameworks */,
				D0C2C34627BACBD10093EDDB /* Resources */,
			);
			buildRules = (
			);
			dependencies = (
			);
			name = "Chef-Mobile";
			packageProductDependencies = (
				0C66593527C5068F00E2B275 /* FirebaseAuth */,
				0C66593727C5068F00E2B275 /* FirebaseFirestore */,
				0C66593927C5068F00E2B275 /* FirebaseFirestoreSwift-Beta */,
			);
			productName = "Chef-Mobile";
			productReference = D0C2C34827BACBD10093EDDB /* Chef-Mobile.app */;
			productType = "com.apple.product-type.application";
		};
		D0C2C35727BACBD30093EDDB /* Chef-MobileTests */ = {
			isa = PBXNativeTarget;
			buildConfigurationList = D0C2C36F27BACBD30093EDDB /* Build configuration list for PBXNativeTarget "Chef-MobileTests" */;
			buildPhases = (
				D0C2C35427BACBD30093EDDB /* Sources */,
				D0C2C35527BACBD30093EDDB /* Frameworks */,
				D0C2C35627BACBD30093EDDB /* Resources */,
			);
			buildRules = (
			);
			dependencies = (
				D0C2C35A27BACBD30093EDDB /* PBXTargetDependency */,
			);
			name = "Chef-MobileTests";
			productName = "Chef-MobileTests";
			productReference = D0C2C35827BACBD30093EDDB /* Chef-MobileTests.xctest */;
			productType = "com.apple.product-type.bundle.unit-test";
		};
		D0C2C36127BACBD30093EDDB /* Chef-MobileUITests */ = {
			isa = PBXNativeTarget;
			buildConfigurationList = D0C2C37227BACBD30093EDDB /* Build configuration list for PBXNativeTarget "Chef-MobileUITests" */;
			buildPhases = (
				D0C2C35E27BACBD30093EDDB /* Sources */,
				D0C2C35F27BACBD30093EDDB /* Frameworks */,
				D0C2C36027BACBD30093EDDB /* Resources */,
			);
			buildRules = (
			);
			dependencies = (
				D0C2C36427BACBD30093EDDB /* PBXTargetDependency */,
			);
			name = "Chef-MobileUITests";
			productName = "Chef-MobileUITests";
			productReference = D0C2C36227BACBD30093EDDB /* Chef-MobileUITests.xctest */;
			productType = "com.apple.product-type.bundle.ui-testing";
		};
/* End PBXNativeTarget section */

/* Begin PBXProject section */
		D0C2C34027BACBD10093EDDB /* Project object */ = {
			isa = PBXProject;
			attributes = {
				BuildIndependentTargetsInParallel = 1;
				LastSwiftUpdateCheck = 1320;
				LastUpgradeCheck = 1320;
				TargetAttributes = {
					D0C2C34727BACBD10093EDDB = {
						CreatedOnToolsVersion = 13.2.1;
					};
					D0C2C35727BACBD30093EDDB = {
						CreatedOnToolsVersion = 13.2.1;
						TestTargetID = D0C2C34727BACBD10093EDDB;
					};
					D0C2C36127BACBD30093EDDB = {
						CreatedOnToolsVersion = 13.2.1;
						TestTargetID = D0C2C34727BACBD10093EDDB;
					};
				};
			};
			buildConfigurationList = D0C2C34327BACBD10093EDDB /* Build configuration list for PBXProject "Chef-Mobile" */;
			compatibilityVersion = "Xcode 13.0";
			developmentRegion = en;
			hasScannedForEncodings = 0;
			knownRegions = (
				en,
				Base,
			);
			mainGroup = D0C2C33F27BACBD10093EDDB;
			packageReferences = (
				0C66593427C5068F00E2B275 /* XCRemoteSwiftPackageReference "firebase-ios-sdk" */,
			);
			productRefGroup = D0C2C34927BACBD10093EDDB /* Products */;
			projectDirPath = "";
			projectRoot = "";
			targets = (
				D0C2C34727BACBD10093EDDB /* Chef-Mobile */,
				D0C2C35727BACBD30093EDDB /* Chef-MobileTests */,
				D0C2C36127BACBD30093EDDB /* Chef-MobileUITests */,
			);
		};
/* End PBXProject section */

/* Begin PBXResourcesBuildPhase section */
		D0C2C34627BACBD10093EDDB /* Resources */ = {
			isa = PBXResourcesBuildPhase;
			buildActionMask = 2147483647;
			files = (
				D0C2C35327BACBD20093EDDB /* Preview Assets.xcassets in Resources */,
				D0C2C35027BACBD20093EDDB /* Assets.xcassets in Resources */,
				0C66593E27C509E700E2B275 /* GoogleService-Info.plist in Resources */,
			);
			runOnlyForDeploymentPostprocessing = 0;
		};
		D0C2C35627BACBD30093EDDB /* Resources */ = {
			isa = PBXResourcesBuildPhase;
			buildActionMask = 2147483647;
			files = (
			);
			runOnlyForDeploymentPostprocessing = 0;
		};
		D0C2C36027BACBD30093EDDB /* Resources */ = {
			isa = PBXResourcesBuildPhase;
			buildActionMask = 2147483647;
			files = (
			);
			runOnlyForDeploymentPostprocessing = 0;
		};
/* End PBXResourcesBuildPhase section */

/* Begin PBXSourcesBuildPhase section */
		D0C2C34427BACBD10093EDDB /* Sources */ = {
			isa = PBXSourcesBuildPhase;
			buildActionMask = 2147483647;
			files = (
				0C77883227C7F7A5009A097F /* SheetViewAjoutIngredient.swift in Sources */,
				0CF37C7827C396AE006FA69C /* IngredientView.swift in Sources */,
				0C0DC77A27C4E12A00200640 /* ListIngredientViewModel.swift in Sources */,
				0C0DC77327C4D79400200640 /* IngredientViewModel.swift in Sources */,
				0CF37C6D27C38F2A006FA69C /* Ingredient.swift in Sources */,
				D00772FC27C4D30900490ACC /* ConnexionView.swift in Sources */,
				0CF37C7327C3910E006FA69C /* FicheTechnique.swift in Sources */,
				0CF37C7127C3906E006FA69C /* Etape.swift in Sources */,
				0C0DC77C27C4E16600200640 /* IngredientList.swift in Sources */,
				0CF37C7627C39241006FA69C /* ListIngredientView.swift in Sources */,
				0CF37C6B27C38E9A006FA69C /* CategorieIngredient.swift in Sources */,
				D0C2C34E27BACBD10093EDDB /* ContentView.swift in Sources */,
				0C0DC77827C4DF1900200640 /* IntentIngredient.swift in Sources */,
				D0C2C34C27BACBD10093EDDB /* Chef_MobileApp.swift in Sources */,
				0CF37C6F27C38F70006FA69C /* Unite.swift in Sources */,
			);
			runOnlyForDeploymentPostprocessing = 0;
		};
		D0C2C35427BACBD30093EDDB /* Sources */ = {
			isa = PBXSourcesBuildPhase;
			buildActionMask = 2147483647;
			files = (
				D0C2C35D27BACBD30093EDDB /* Chef_MobileTests.swift in Sources */,
			);
			runOnlyForDeploymentPostprocessing = 0;
		};
		D0C2C35E27BACBD30093EDDB /* Sources */ = {
			isa = PBXSourcesBuildPhase;
			buildActionMask = 2147483647;
			files = (
				D0C2C36927BACBD30093EDDB /* Chef_MobileUITestsLaunchTests.swift in Sources */,
				D0C2C36727BACBD30093EDDB /* Chef_MobileUITests.swift in Sources */,
			);
			runOnlyForDeploymentPostprocessing = 0;
		};
/* End PBXSourcesBuildPhase section */

/* Begin PBXTargetDependency section */
		D0C2C35A27BACBD30093EDDB /* PBXTargetDependency */ = {
			isa = PBXTargetDependency;
			target = D0C2C34727BACBD10093EDDB /* Chef-Mobile */;
			targetProxy = D0C2C35927BACBD30093EDDB /* PBXContainerItemProxy */;
		};
		D0C2C36427BACBD30093EDDB /* PBXTargetDependency */ = {
			isa = PBXTargetDependency;
			target = D0C2C34727BACBD10093EDDB /* Chef-Mobile */;
			targetProxy = D0C2C36327BACBD30093EDDB /* PBXContainerItemProxy */;
		};
/* End PBXTargetDependency section */

/* Begin XCBuildConfiguration section */
		D0C2C36A27BACBD30093EDDB /* Debug */ = {
			isa = XCBuildConfiguration;
			buildSettings = {
				ALWAYS_SEARCH_USER_PATHS = NO;
				CLANG_ANALYZER_NONNULL = YES;
				CLANG_ANALYZER_NUMBER_OBJECT_CONVERSION = YES_AGGRESSIVE;
				CLANG_CXX_LANGUAGE_STANDARD = "gnu++17";
				CLANG_CXX_LIBRARY = "libc++";
				CLANG_ENABLE_MODULES = YES;
				CLANG_ENABLE_OBJC_ARC = YES;
				CLANG_ENABLE_OBJC_WEAK = YES;
				CLANG_WARN_BLOCK_CAPTURE_AUTORELEASING = YES;
				CLANG_WARN_BOOL_CONVERSION = YES;
				CLANG_WARN_COMMA = YES;
				CLANG_WARN_CONSTANT_CONVERSION = YES;
				CLANG_WARN_DEPRECATED_OBJC_IMPLEMENTATIONS = YES;
				CLANG_WARN_DIRECT_OBJC_ISA_USAGE = YES_ERROR;
				CLANG_WARN_DOCUMENTATION_COMMENTS = YES;
				CLANG_WARN_EMPTY_BODY = YES;
				CLANG_WARN_ENUM_CONVERSION = YES;
				CLANG_WARN_INFINITE_RECURSION = YES;
				CLANG_WARN_INT_CONVERSION = YES;
				CLANG_WARN_NON_LITERAL_NULL_CONVERSION = YES;
				CLANG_WARN_OBJC_IMPLICIT_RETAIN_SELF = YES;
				CLANG_WARN_OBJC_LITERAL_CONVERSION = YES;
				CLANG_WARN_OBJC_ROOT_CLASS = YES_ERROR;
				CLANG_WARN_QUOTED_INCLUDE_IN_FRAMEWORK_HEADER = YES;
				CLANG_WARN_RANGE_LOOP_ANALYSIS = YES;
				CLANG_WARN_STRICT_PROTOTYPES = YES;
				CLANG_WARN_SUSPICIOUS_MOVE = YES;
				CLANG_WARN_UNGUARDED_AVAILABILITY = YES_AGGRESSIVE;
				CLANG_WARN_UNREACHABLE_CODE = YES;
				CLANG_WARN__DUPLICATE_METHOD_MATCH = YES;
				COPY_PHASE_STRIP = NO;
				DEBUG_INFORMATION_FORMAT = dwarf;
				ENABLE_STRICT_OBJC_MSGSEND = YES;
				ENABLE_TESTABILITY = YES;
				GCC_C_LANGUAGE_STANDARD = gnu11;
				GCC_DYNAMIC_NO_PIC = NO;
				GCC_NO_COMMON_BLOCKS = YES;
				GCC_OPTIMIZATION_LEVEL = 0;
				GCC_PREPROCESSOR_DEFINITIONS = (
					"DEBUG=1",
					"$(inherited)",
				);
				GCC_WARN_64_TO_32_BIT_CONVERSION = YES;
				GCC_WARN_ABOUT_RETURN_TYPE = YES_ERROR;
				GCC_WARN_UNDECLARED_SELECTOR = YES;
				GCC_WARN_UNINITIALIZED_AUTOS = YES_AGGRESSIVE;
				GCC_WARN_UNUSED_FUNCTION = YES;
				GCC_WARN_UNUSED_VARIABLE = YES;
				IPHONEOS_DEPLOYMENT_TARGET = 15.2;
				MTL_ENABLE_DEBUG_INFO = INCLUDE_SOURCE;
				MTL_FAST_MATH = YES;
				ONLY_ACTIVE_ARCH = YES;
				SDKROOT = iphoneos;
				SWIFT_ACTIVE_COMPILATION_CONDITIONS = DEBUG;
				SWIFT_OPTIMIZATION_LEVEL = "-Onone";
			};
			name = Debug;
		};
		D0C2C36B27BACBD30093EDDB /* Release */ = {
			isa = XCBuildConfiguration;
			buildSettings = {
				ALWAYS_SEARCH_USER_PATHS = NO;
				CLANG_ANALYZER_NONNULL = YES;
				CLANG_ANALYZER_NUMBER_OBJECT_CONVERSION = YES_AGGRESSIVE;
				CLANG_CXX_LANGUAGE_STANDARD = "gnu++17";
				CLANG_CXX_LIBRARY = "libc++";
				CLANG_ENABLE_MODULES = YES;
				CLANG_ENABLE_OBJC_ARC = YES;
				CLANG_ENABLE_OBJC_WEAK = YES;
				CLANG_WARN_BLOCK_CAPTURE_AUTORELEASING = YES;
				CLANG_WARN_BOOL_CONVERSION = YES;
				CLANG_WARN_COMMA = YES;
				CLANG_WARN_CONSTANT_CONVERSION = YES;
				CLANG_WARN_DEPRECATED_OBJC_IMPLEMENTATIONS = YES;
				CLANG_WARN_DIRECT_OBJC_ISA_USAGE = YES_ERROR;
				CLANG_WARN_DOCUMENTATION_COMMENTS = YES;
				CLANG_WARN_EMPTY_BODY = YES;
				CLANG_WARN_ENUM_CONVERSION = YES;
				CLANG_WARN_INFINITE_RECURSION = YES;
				CLANG_WARN_INT_CONVERSION = YES;
				CLANG_WARN_NON_LITERAL_NULL_CONVERSION = YES;
				CLANG_WARN_OBJC_IMPLICIT_RETAIN_SELF = YES;
				CLANG_WARN_OBJC_LITERAL_CONVERSION = YES;
				CLANG_WARN_OBJC_ROOT_CLASS = YES_ERROR;
				CLANG_WARN_QUOTED_INCLUDE_IN_FRAMEWORK_HEADER = YES;
				CLANG_WARN_RANGE_LOOP_ANALYSIS = YES;
				CLANG_WARN_STRICT_PROTOTYPES = YES;
				CLANG_WARN_SUSPICIOUS_MOVE = YES;
				CLANG_WARN_UNGUARDED_AVAILABILITY = YES_AGGRESSIVE;
				CLANG_WARN_UNREACHABLE_CODE = YES;
				CLANG_WARN__DUPLICATE_METHOD_MATCH = YES;
				COPY_PHASE_STRIP = NO;
				DEBUG_INFORMATION_FORMAT = "dwarf-with-dsym";
				ENABLE_NS_ASSERTIONS = NO;
				ENABLE_STRICT_OBJC_MSGSEND = YES;
				GCC_C_LANGUAGE_STANDARD = gnu11;
				GCC_NO_COMMON_BLOCKS = YES;
				GCC_WARN_64_TO_32_BIT_CONVERSION = YES;
				GCC_WARN_ABOUT_RETURN_TYPE = YES_ERROR;
				GCC_WARN_UNDECLARED_SELECTOR = YES;
				GCC_WARN_UNINITIALIZED_AUTOS = YES_AGGRESSIVE;
				GCC_WARN_UNUSED_FUNCTION = YES;
				GCC_WARN_UNUSED_VARIABLE = YES;
				IPHONEOS_DEPLOYMENT_TARGET = 15.2;
				MTL_ENABLE_DEBUG_INFO = NO;
				MTL_FAST_MATH = YES;
				SDKROOT = iphoneos;
				SWIFT_COMPILATION_MODE = wholemodule;
				SWIFT_OPTIMIZATION_LEVEL = "-O";
				VALIDATE_PRODUCT = YES;
			};
			name = Release;
		};
		D0C2C36D27BACBD30093EDDB /* Debug */ = {
			isa = XCBuildConfiguration;
			buildSettings = {
				ASSETCATALOG_COMPILER_APPICON_NAME = AppIcon;
				ASSETCATALOG_COMPILER_GLOBAL_ACCENT_COLOR_NAME = AccentColor;
				CODE_SIGN_STYLE = Automatic;
				CURRENT_PROJECT_VERSION = 1;
				DEVELOPMENT_ASSET_PATHS = "\"Chef-Mobile/Preview Content\"";
				DEVELOPMENT_TEAM = S6N4MSL5M3;
				ENABLE_PREVIEWS = YES;
				GENERATE_INFOPLIST_FILE = YES;
				INFOPLIST_KEY_UIApplicationSceneManifest_Generation = YES;
				INFOPLIST_KEY_UIApplicationSupportsIndirectInputEvents = YES;
				INFOPLIST_KEY_UILaunchScreen_Generation = YES;
				INFOPLIST_KEY_UISupportedInterfaceOrientations_iPad = "UIInterfaceOrientationPortrait UIInterfaceOrientationPortraitUpsideDown UIInterfaceOrientationLandscapeLeft UIInterfaceOrientationLandscapeRight";
				INFOPLIST_KEY_UISupportedInterfaceOrientations_iPhone = "UIInterfaceOrientationPortrait UIInterfaceOrientationLandscapeLeft UIInterfaceOrientationLandscapeRight";
				LD_RUNPATH_SEARCH_PATHS = (
					"$(inherited)",
					"@executable_path/Frameworks",
				);
				MARKETING_VERSION = 1.0;
				PRODUCT_BUNDLE_IDENTIFIER = "AE.Chef-Mobile";
				PRODUCT_NAME = "$(TARGET_NAME)";
				SWIFT_EMIT_LOC_STRINGS = YES;
				SWIFT_VERSION = 5.0;
				TARGETED_DEVICE_FAMILY = "1,2";
			};
			name = Debug;
		};
		D0C2C36E27BACBD30093EDDB /* Release */ = {
			isa = XCBuildConfiguration;
			buildSettings = {
				ASSETCATALOG_COMPILER_APPICON_NAME = AppIcon;
				ASSETCATALOG_COMPILER_GLOBAL_ACCENT_COLOR_NAME = AccentColor;
				CODE_SIGN_STYLE = Automatic;
				CURRENT_PROJECT_VERSION = 1;
				DEVELOPMENT_ASSET_PATHS = "\"Chef-Mobile/Preview Content\"";
				DEVELOPMENT_TEAM = S6N4MSL5M3;
				ENABLE_PREVIEWS = YES;
				GENERATE_INFOPLIST_FILE = YES;
				INFOPLIST_KEY_UIApplicationSceneManifest_Generation = YES;
				INFOPLIST_KEY_UIApplicationSupportsIndirectInputEvents = YES;
				INFOPLIST_KEY_UILaunchScreen_Generation = YES;
				INFOPLIST_KEY_UISupportedInterfaceOrientations_iPad = "UIInterfaceOrientationPortrait UIInterfaceOrientationPortraitUpsideDown UIInterfaceOrientationLandscapeLeft UIInterfaceOrientationLandscapeRight";
				INFOPLIST_KEY_UISupportedInterfaceOrientations_iPhone = "UIInterfaceOrientationPortrait UIInterfaceOrientationLandscapeLeft UIInterfaceOrientationLandscapeRight";
				LD_RUNPATH_SEARCH_PATHS = (
					"$(inherited)",
					"@executable_path/Frameworks",
				);
				MARKETING_VERSION = 1.0;
				PRODUCT_BUNDLE_IDENTIFIER = "AE.Chef-Mobile";
				PRODUCT_NAME = "$(TARGET_NAME)";
				SWIFT_EMIT_LOC_STRINGS = YES;
				SWIFT_VERSION = 5.0;
				TARGETED_DEVICE_FAMILY = "1,2";
			};
			name = Release;
		};
		D0C2C37027BACBD30093EDDB /* Debug */ = {
			isa = XCBuildConfiguration;
			buildSettings = {
				ALWAYS_EMBED_SWIFT_STANDARD_LIBRARIES = YES;
				BUNDLE_LOADER = "$(TEST_HOST)";
				CODE_SIGN_STYLE = Automatic;
				CURRENT_PROJECT_VERSION = 1;
				DEVELOPMENT_TEAM = S6N4MSL5M3;
				GENERATE_INFOPLIST_FILE = YES;
				IPHONEOS_DEPLOYMENT_TARGET = 15.2;
				MARKETING_VERSION = 1.0;
				PRODUCT_BUNDLE_IDENTIFIER = "AE.Chef-MobileTests";
				PRODUCT_NAME = "$(TARGET_NAME)";
				SWIFT_EMIT_LOC_STRINGS = NO;
				SWIFT_VERSION = 5.0;
				TARGETED_DEVICE_FAMILY = "1,2";
				TEST_HOST = "$(BUILT_PRODUCTS_DIR)/Chef-Mobile.app/Chef-Mobile";
			};
			name = Debug;
		};
		D0C2C37127BACBD30093EDDB /* Release */ = {
			isa = XCBuildConfiguration;
			buildSettings = {
				ALWAYS_EMBED_SWIFT_STANDARD_LIBRARIES = YES;
				BUNDLE_LOADER = "$(TEST_HOST)";
				CODE_SIGN_STYLE = Automatic;
				CURRENT_PROJECT_VERSION = 1;
				DEVELOPMENT_TEAM = S6N4MSL5M3;
				GENERATE_INFOPLIST_FILE = YES;
				IPHONEOS_DEPLOYMENT_TARGET = 15.2;
				MARKETING_VERSION = 1.0;
				PRODUCT_BUNDLE_IDENTIFIER = "AE.Chef-MobileTests";
				PRODUCT_NAME = "$(TARGET_NAME)";
				SWIFT_EMIT_LOC_STRINGS = NO;
				SWIFT_VERSION = 5.0;
				TARGETED_DEVICE_FAMILY = "1,2";
				TEST_HOST = "$(BUILT_PRODUCTS_DIR)/Chef-Mobile.app/Chef-Mobile";
			};
			name = Release;
		};
		D0C2C37327BACBD30093EDDB /* Debug */ = {
			isa = XCBuildConfiguration;
			buildSettings = {
				ALWAYS_EMBED_SWIFT_STANDARD_LIBRARIES = YES;
				CODE_SIGN_STYLE = Automatic;
				CURRENT_PROJECT_VERSION = 1;
				DEVELOPMENT_TEAM = S6N4MSL5M3;
				GENERATE_INFOPLIST_FILE = YES;
				MARKETING_VERSION = 1.0;
				PRODUCT_BUNDLE_IDENTIFIER = "AE.Chef-MobileUITests";
				PRODUCT_NAME = "$(TARGET_NAME)";
				SWIFT_EMIT_LOC_STRINGS = NO;
				SWIFT_VERSION = 5.0;
				TARGETED_DEVICE_FAMILY = "1,2";
				TEST_TARGET_NAME = "Chef-Mobile";
			};
			name = Debug;
		};
		D0C2C37427BACBD30093EDDB /* Release */ = {
			isa = XCBuildConfiguration;
			buildSettings = {
				ALWAYS_EMBED_SWIFT_STANDARD_LIBRARIES = YES;
				CODE_SIGN_STYLE = Automatic;
				CURRENT_PROJECT_VERSION = 1;
				DEVELOPMENT_TEAM = S6N4MSL5M3;
				GENERATE_INFOPLIST_FILE = YES;
				MARKETING_VERSION = 1.0;
				PRODUCT_BUNDLE_IDENTIFIER = "AE.Chef-MobileUITests";
				PRODUCT_NAME = "$(TARGET_NAME)";
				SWIFT_EMIT_LOC_STRINGS = NO;
				SWIFT_VERSION = 5.0;
				TARGETED_DEVICE_FAMILY = "1,2";
				TEST_TARGET_NAME = "Chef-Mobile";
			};
			name = Release;
		};
/* End XCBuildConfiguration section */

/* Begin XCConfigurationList section */
		D0C2C34327BACBD10093EDDB /* Build configuration list for PBXProject "Chef-Mobile" */ = {
			isa = XCConfigurationList;
			buildConfigurations = (
				D0C2C36A27BACBD30093EDDB /* Debug */,
				D0C2C36B27BACBD30093EDDB /* Release */,
			);
			defaultConfigurationIsVisible = 0;
			defaultConfigurationName = Release;
		};
		D0C2C36C27BACBD30093EDDB /* Build configuration list for PBXNativeTarget "Chef-Mobile" */ = {
			isa = XCConfigurationList;
			buildConfigurations = (
				D0C2C36D27BACBD30093EDDB /* Debug */,
				D0C2C36E27BACBD30093EDDB /* Release */,
			);
			defaultConfigurationIsVisible = 0;
			defaultConfigurationName = Release;
		};
		D0C2C36F27BACBD30093EDDB /* Build configuration list for PBXNativeTarget "Chef-MobileTests" */ = {
			isa = XCConfigurationList;
			buildConfigurations = (
				D0C2C37027BACBD30093EDDB /* Debug */,
				D0C2C37127BACBD30093EDDB /* Release */,
			);
			defaultConfigurationIsVisible = 0;
			defaultConfigurationName = Release;
		};
		D0C2C37227BACBD30093EDDB /* Build configuration list for PBXNativeTarget "Chef-MobileUITests" */ = {
			isa = XCConfigurationList;
			buildConfigurations = (
				D0C2C37327BACBD30093EDDB /* Debug */,
				D0C2C37427BACBD30093EDDB /* Release */,
			);
			defaultConfigurationIsVisible = 0;
			defaultConfigurationName = Release;
		};
/* End XCConfigurationList section */

/* Begin XCRemoteSwiftPackageReference section */
		0C66593427C5068F00E2B275 /* XCRemoteSwiftPackageReference "firebase-ios-sdk" */ = {
			isa = XCRemoteSwiftPackageReference;
			repositoryURL = "https://github.com/firebase/firebase-ios-sdk";
			requirement = {
				kind = upToNextMajorVersion;
				minimumVersion = 8.0.0;
			};
		};
/* End XCRemoteSwiftPackageReference section */

/* Begin XCSwiftPackageProductDependency section */
		0C66593527C5068F00E2B275 /* FirebaseAuth */ = {
			isa = XCSwiftPackageProductDependency;
			package = 0C66593427C5068F00E2B275 /* XCRemoteSwiftPackageReference "firebase-ios-sdk" */;
			productName = FirebaseAuth;
		};
		0C66593727C5068F00E2B275 /* FirebaseFirestore */ = {
			isa = XCSwiftPackageProductDependency;
			package = 0C66593427C5068F00E2B275 /* XCRemoteSwiftPackageReference "firebase-ios-sdk" */;
			productName = FirebaseFirestore;
		};
		0C66593927C5068F00E2B275 /* FirebaseFirestoreSwift-Beta */ = {
			isa = XCSwiftPackageProductDependency;
			package = 0C66593427C5068F00E2B275 /* XCRemoteSwiftPackageReference "firebase-ios-sdk" */;
			productName = "FirebaseFirestoreSwift-Beta";
		};
/* End XCSwiftPackageProductDependency section */
	};
	rootObject = D0C2C34027BACBD10093EDDB /* Project object */;
}
